
Microsoft Visual Studio Solution File, Format Version 12.00
# Visual Studio Version 17
VisualStudioVersion = 17.7.34031.279
MinimumVisualStudioVersion = 10.0.40219.1
Project("{FAE04EC0-301F-11D3-BF4B-00C04F79EFBC}") = "Tema4", "Tema4\Tema4.csproj", "{FA56475C-A92A-424A-9BCE-AA846041CD5A}"
EndProject
Global
	GlobalSection(SolutionConfigurationPlatforms) = preSolution
		Debug|Any CPU = Debug|Any CPU
		Release|Any CPU = Release|Any CPU
	EndGlobalSection
	GlobalSection(ProjectConfigurationPlatforms) = postSolution
		{FA56475C-A92A-424A-9BCE-AA846041CD5A}.Debug|Any CPU.ActiveCfg = Debug|Any CPU
		{FA56475C-A92A-424A-9BCE-AA846041CD5A}.Debug|Any CPU.Build.0 = Debug|Any CPU
		{FA56475C-A92A-424A-9BCE-AA846041CD5A}.Release|Any CPU.ActiveCfg = Release|Any CPU
		{FA56475C-A92A-424A-9BCE-AA846041CD5A}.Release|Any CPU.Build.0 = Release|Any CPU
	EndGlobalSection
	GlobalSection(SolutionProperties) = preSolution
		HideSolutionNode = FALSE
	EndGlobalSection
	GlobalSection(ExtensibilityGlobals) = postSolution
		SolutionGuid = {F720AFF6-838A-4EC6-B3C9-C47A2C5BA24F}
	EndGlobalSection
EndGlobal
