
Microsoft Visual Studio Solution File, Format Version 12.00
# Visual Studio Version 17
VisualStudioVersion = 17.7.34031.279
MinimumVisualStudioVersion = 10.0.40219.1
Project("{FAE04EC0-301F-11D3-BF4B-00C04F79EFBC}") = "Animal Glimpse", "Animal Glimpse\Animal Glimpse.csproj", "{19FB0901-F12B-4A3B-907F-388602F8CBC5}"
EndProject
Global
	GlobalSection(SolutionConfigurationPlatforms) = preSolution
		Debug|Any CPU = Debug|Any CPU
		Release|Any CPU = Release|Any CPU
	EndGlobalSection
	GlobalSection(ProjectConfigurationPlatforms) = postSolution
		{19FB0901-F12B-4A3B-907F-388602F8CBC5}.Debug|Any CPU.ActiveCfg = Debug|Any CPU
		{19FB0901-F12B-4A3B-907F-388602F8CBC5}.Debug|Any CPU.Build.0 = Debug|Any CPU
		{19FB0901-F12B-4A3B-907F-388602F8CBC5}.Release|Any CPU.ActiveCfg = Release|Any CPU
		{19FB0901-F12B-4A3B-907F-388602F8CBC5}.Release|Any CPU.Build.0 = Release|Any CPU
	EndGlobalSection
	GlobalSection(SolutionProperties) = preSolution
		HideSolutionNode = FALSE
	EndGlobalSection
	GlobalSection(ExtensibilityGlobals) = postSolution
		SolutionGuid = {E8CAD519-D59E-4F69-B07D-8F397A3DA71B}
	EndGlobalSection
EndGlobal
