
Microsoft Visual Studio Solution File, Format Version 12.00
# Visual Studio Version 17
VisualStudioVersion = 17.7.34031.279
MinimumVisualStudioVersion = 10.0.40219.1
Project("{9A19103F-16F7-4668-BE54-9A1E7A4F7556}") = "Tema01", "ConsoleApp1\Tema01.csproj", "{B82C097E-9FC8-462C-808C-DBACD187EDCC}"
EndProject
Global
	GlobalSection(SolutionConfigurationPlatforms) = preSolution
		Debug|Any CPU = Debug|Any CPU
		Release|Any CPU = Release|Any CPU
	EndGlobalSection
	GlobalSection(ProjectConfigurationPlatforms) = postSolution
		{B82C097E-9FC8-462C-808C-DBACD187EDCC}.Debug|Any CPU.ActiveCfg = Debug|Any CPU
		{B82C097E-9FC8-462C-808C-DBACD187EDCC}.Debug|Any CPU.Build.0 = Debug|Any CPU
		{B82C097E-9FC8-462C-808C-DBACD187EDCC}.Release|Any CPU.ActiveCfg = Release|Any CPU
		{B82C097E-9FC8-462C-808C-DBACD187EDCC}.Release|Any CPU.Build.0 = Release|Any CPU
	EndGlobalSection
	GlobalSection(SolutionProperties) = preSolution
		HideSolutionNode = FALSE
	EndGlobalSection
	GlobalSection(ExtensibilityGlobals) = postSolution
		SolutionGuid = {5A9B5E3C-4EC4-4E27-9AC4-C57D696A94AB}
	EndGlobalSection
EndGlobal
